
Microsoft Visual Studio Solution File, Format Version 12.00
# Visual Studio 15
VisualStudioVersion = 15.0.28307.421
MinimumVisualStudioVersion = 10.0.40219.1
Project("{FAE04EC0-301F-11D3-BF4B-00C04F79EFBC}") = "NorthwindProject", "NorthwindProject\NorthwindProject.csproj", "{71472B12-2D65-4000-A2D4-7DD218D138A6}"
EndProject
Global
	GlobalSection(SolutionConfigurationPlatforms) = preSolution
		Debug|Any CPU = Debug|Any CPU
		Release|Any CPU = Release|Any CPU
	EndGlobalSection
	GlobalSection(ProjectConfigurationPlatforms) = postSolution
		{71472B12-2D65-4000-A2D4-7DD218D138A6}.Debug|Any CPU.ActiveCfg = Debug|Any CPU
		{71472B12-2D65-4000-A2D4-7DD218D138A6}.Debug|Any CPU.Build.0 = Debug|Any CPU
		{71472B12-2D65-4000-A2D4-7DD218D138A6}.Release|Any CPU.ActiveCfg = Release|Any CPU
		{71472B12-2D65-4000-A2D4-7DD218D138A6}.Release|Any CPU.Build.0 = Release|Any CPU
	EndGlobalSection
	GlobalSection(SolutionProperties) = preSolution
		HideSolutionNode = FALSE
	EndGlobalSection
	GlobalSection(ExtensibilityGlobals) = postSolution
		SolutionGuid = {EF0E3AD0-9E6D-48E3-9DC4-805516362C9D}
	EndGlobalSection
EndGlobal
